schema: '2.0'
stages:
  create_figures:
    cmd: python src/produce_figures.py --params params.yaml
    deps:
    - path: data/Males.csv
      hash: md5
      md5: 919467ad1339d44eada89b56b16a5563
      size: 421907
    params:
      params.yaml:
        data_etl.external_data_path: data/
        figure_manager.figures_dir: outputs/figures
        figure_manager.file_ext: .pdf
        figure_manager.paper_size: A4
        figure_manager.use_latex: false
        plotter.verbose: false
    outs:
    - path: outputs/figures/three_small_plots.pdf
      hash: md5
      md5: 58f0ef4f18774e7ab5afabd6a04f6a8e
      size: 24361
    - path: outputs/figures/three_small_plots_subplot_1.pdf
      hash: md5
      md5: 0508518765e44d5ca775fd291523c3f2
      size: 22618
    - path: outputs/figures/three_small_plots_subplot_2.pdf
      hash: md5
      md5: 1ac1d8513861772fa35d0b849a7d4017
      size: 23103
    - path: outputs/figures/three_small_plots_subplot_3.pdf
      hash: md5
      md5: 3a8ff58be94043192b4a450440959e58
      size: 21403
    - path: outputs/figures/two_std_dev_plots.pdf
      hash: md5
      md5: 7923e29b40f9fce2722161634e3a9781
      size: 17774
    - path: outputs/figures/two_std_dev_plots_subplot_1.pdf
      hash: md5
      md5: 5fa7738167cf795174440b5dc05000be
      size: 17240
    - path: outputs/figures/two_std_dev_plots_subplot_2.pdf
      hash: md5
      md5: 6e8f6dbbf16265217d6fb492537489f1
      size: 16289
