schema: '2.0'
stages:
  create_figures:
    cmd: python src/produce_figures.py --params params.yaml
    deps:
    - path: data/Males.csv
      hash: md5
      md5: 919467ad1339d44eada89b56b16a5563
      size: 421907
    params:
      params.yaml:
        data_etl.external_data_path: data/
        figure_manager.figures_dir: outputs/figures
        figure_manager.file_ext: .jpg
        figure_manager.paper_size: A4
        figure_manager.use_latex: false
        plotter.verbose: false
    outs:
    - path: outputs/figures/one_big_plot.jpg
      hash: md5
      md5: 071003108c41aad2ecd6e23d2e486a3c
      size: 191817
    - path: outputs/figures/one_big_plot_subplot_1.jpg
      hash: md5
      md5: 54f6d69bf313bc82421d9a172739f3ab
      size: 191038
    - path: outputs/figures/three_small_plots.jpg
      hash: md5
      md5: b40ea92fee59d4302d0d17fa76cddb40
      size: 248399
    - path: outputs/figures/three_small_plots_subplot_1.jpg
      hash: md5
      md5: 5b607efa629492e02695a5aad5670088
      size: 94984
    - path: outputs/figures/three_small_plots_subplot_2.jpg
      hash: md5
      md5: b4ee08d85949c23da47853d813354e8b
      size: 96893
    - path: outputs/figures/three_small_plots_subplot_3.jpg
      hash: md5
      md5: 8b6cd87b1a48738d0c643247f8415111
      size: 44657
    - path: outputs/figures/two_std_dev_plots.jpg
      hash: md5
      md5: e2f8c43fb2429a77b9774e24cf0063aa
      size: 152822
    - path: outputs/figures/two_std_dev_plots_subplot_1.jpg
      hash: md5
      md5: 5d0d242025504d6d76d8a9c0a4179fcb
      size: 84098
    - path: outputs/figures/two_std_dev_plots_subplot_2.jpg
      hash: md5
      md5: 9f2db9e0cd5301aaec407373e25e2c56
      size: 76281
