schema: '2.0'
stages:
  create_figures:
    cmd: python src/produce_figures.py --params params.yaml
    deps:
    - path: data/Males.csv
      hash: md5
      md5: 1e89aefc945582fa01d8e352090cc826
      size: 426268
    params:
      params.yaml:
        data_etl.external_data_path: data/
        figure_manager.figures_dir: outputs/figures
        figure_manager.file_ext: .pdf
        figure_manager.paper_size: A4
        figure_manager.use_latex: false
        plotter.verbose: false
    outs:
    - path: outputs/figures/three_small_plots.pdf
      hash: md5
      md5: 5853743109d6691f1de1da04fca91046
      size: 24348
    - path: outputs/figures/three_small_plots_subplot_1.pdf
      hash: md5
      md5: 0d9c159b94f0372adc8381967c0bda14
      size: 22625
    - path: outputs/figures/three_small_plots_subplot_2.pdf
      hash: md5
      md5: 6f5ea450130736096201e1a97d91a95b
      size: 23076
    - path: outputs/figures/three_small_plots_subplot_3.pdf
      hash: md5
      md5: 694fbf6be6d84f7eaa1e92c29fd953ba
      size: 21430
    - path: outputs/figures/two_std_dev_plots.pdf
      hash: md5
      md5: 1e81923dd94019cc17b003940ca06a01
      size: 17732
    - path: outputs/figures/two_std_dev_plots_subplot_1.pdf
      hash: md5
      md5: a3b9dbce63b7e6e2ee13577a4f42282f
      size: 17205
    - path: outputs/figures/two_std_dev_plots_subplot_2.pdf
      hash: md5
      md5: 4eb95b271d77f6ac1451b0b2a1d4838e
      size: 16257
